
Microsoft Visual Studio Solution File, Format Version 12.00
# Visual Studio 15
VisualStudioVersion = 15.0.28307.421
MinimumVisualStudioVersion = 10.0.40219.1
Project("{FAE04EC0-301F-11D3-BF4B-00C04F79EFBC}") = "YOKANSHI", "YOKANSHI\YOKANSHI.csproj", "{3BBA9179-6626-4CA1-AC74-9570D1029CFC}"
EndProject
Global
	GlobalSection(SolutionConfigurationPlatforms) = preSolution
		Debug|Any CPU = Debug|Any CPU
		Release|Any CPU = Release|Any CPU
	EndGlobalSection
	GlobalSection(ProjectConfigurationPlatforms) = postSolution
		{3BBA9179-6626-4CA1-AC74-9570D1029CFC}.Debug|Any CPU.ActiveCfg = Debug|Any CPU
		{3BBA9179-6626-4CA1-AC74-9570D1029CFC}.Debug|Any CPU.Build.0 = Debug|Any CPU
		{3BBA9179-6626-4CA1-AC74-9570D1029CFC}.Release|Any CPU.ActiveCfg = Release|Any CPU
		{3BBA9179-6626-4CA1-AC74-9570D1029CFC}.Release|Any CPU.Build.0 = Release|Any CPU
	EndGlobalSection
	GlobalSection(SolutionProperties) = preSolution
		HideSolutionNode = FALSE
	EndGlobalSection
	GlobalSection(ExtensibilityGlobals) = postSolution
		SolutionGuid = {A49D600A-953B-448C-8465-7D5392D6425E}
	EndGlobalSection
EndGlobal
